
Microsoft Visual Studio Solution File, Format Version 12.00
# Visual Studio Version 17
VisualStudioVersion = 17.8.34309.116
MinimumVisualStudioVersion = 10.0.40219.1
Project("{2150E333-8FDC-42A3-9474-1A3956D46DE8}") = "LightMediator", "LightMediator", "{D7B31B0A-B1EA-4077-B156-FB9562E9C05E}"
EndProject
Project("{2150E333-8FDC-42A3-9474-1A3956D46DE8}") = "Application", "Application", "{43175467-B384-4DC4-9303-5DB4D1096423}"
EndProject
Project("{2150E333-8FDC-42A3-9474-1A3956D46DE8}") = "services", "services", "{0654F93B-AE55-41D6-BCCB-1A72EA3F9EE7}"
EndProject
Project("{2150E333-8FDC-42A3-9474-1A3956D46DE8}") = "ServiceA", "ServiceA", "{CC87BDB0-AC8F-44B5-BED3-3D034E1F6B43}"
EndProject
Project("{2150E333-8FDC-42A3-9474-1A3956D46DE8}") = "ServiceC", "ServiceC", "{B03358DD-CA36-41AB-80D5-9EA745EA384E}"
EndProject
Project("{2150E333-8FDC-42A3-9474-1A3956D46DE8}") = "ServiceB", "ServiceB", "{A76462B1-9836-41FB-8F3E-B53D8D1C767F}"
EndProject
Project("{2150E333-8FDC-42A3-9474-1A3956D46DE8}") = "Tests", "Tests", "{4BBF96B4-34B0-4663-B24E-48069BDCBAEA}"
EndProject
Project("{FAE04EC0-301F-11D3-BF4B-00C04F79EFBC}") = "LightMediator.Tests", "..\Tests\LightMediator.Tests\LightMediator.Tests.csproj", "{9F577A8F-1F3A-4BF9-A3DE-71D9B64D7DD0}"
EndProject
Project("{2150E333-8FDC-42A3-9474-1A3956D46DE8}") = "Examples", "Examples", "{D58DF342-39CD-4484-8FD3-B5D77D01226A}"
EndProject
Project("{FAE04EC0-301F-11D3-BF4B-00C04F79EFBC}") = "LightMediator", "LightMediator\LightMediator\LightMediator.csproj", "{A981DDFC-9FA1-45E0-820B-42DAF83A49BE}"
EndProject
Project("{2150E333-8FDC-42A3-9474-1A3956D46DE8}") = "LightMediator.EventBus", "LightMediator.EventBus", "{BE284C61-815E-4BE9-9EFE-107F4A82C786}"
EndProject
Project("{2150E333-8FDC-42A3-9474-1A3956D46DE8}") = "LightMediator.EventBus.SignalR", "LightMediator.EventBus.SignalR", "{0B5D153C-B51B-4958-9E7C-95593A8A7EBC}"
EndProject
Project("{2150E333-8FDC-42A3-9474-1A3956D46DE8}") = "LightMediator.EventBus.RabbitMQ", "LightMediator.EventBus.RabbitMQ", "{D6B1FE34-A70C-490D-8D03-951ED4C6B84B}"
EndProject
Project("{FAE04EC0-301F-11D3-BF4B-00C04F79EFBC}") = "LightMediator.EventBus", "LightMediator.EventBus\LightMediator.EventBus.csproj", "{612724EA-2699-4C6F-ABED-57955501B1D3}"
EndProject
Project("{2150E333-8FDC-42A3-9474-1A3956D46DE8}") = "Examples", "Examples", "{2C22279A-79EF-4F73-8F11-937055A1BA7A}"
EndProject
Project("{FAE04EC0-301F-11D3-BF4B-00C04F79EFBC}") = "WorkerService1", "LightMediator.EventBus.RabbitMQ\Examples\WorkerService1\WorkerService1.csproj", "{3FE7CE83-1165-47F5-9C93-8B36A9AAB4C0}"
EndProject
Project("{FAE04EC0-301F-11D3-BF4B-00C04F79EFBC}") = "WorkerService2", "LightMediator.EventBus.RabbitMQ\Examples\WorkerService2\WorkerService2.csproj", "{35D3F008-486E-48C0-A89D-58C43D7B1369}"
EndProject
Project("{FAE04EC0-301F-11D3-BF4B-00C04F79EFBC}") = "LightMediator.EventBus.RabbitMQ", "LightMediator.EventBus.RabbitMQ\LightMediator.EventBus.RabbitMQ\LightMediator.EventBus.RabbitMQ.csproj", "{D78C5624-A95D-478D-B904-83A2B519F1E6}"
EndProject
Project("{2150E333-8FDC-42A3-9474-1A3956D46DE8}") = "Examples", "Examples", "{048C3BE5-5D34-4F14-BD68-93EB65E78C50}"
EndProject
Project("{FAE04EC0-301F-11D3-BF4B-00C04F79EFBC}") = "SignalRServer", "LightMediator.EventBus.SignalR\Examples\SignalRServer\SignalRServer.csproj", "{E5696C5E-5084-47FE-9A85-B022D70C866E}"
EndProject
Project("{FAE04EC0-301F-11D3-BF4B-00C04F79EFBC}") = "WorkerService1", "LightMediator.EventBus.SignalR\Examples\WorkerService1\WorkerService1.csproj", "{282AA7F6-822C-490D-A4C7-FD9EDBF5F1FB}"
EndProject
Project("{FAE04EC0-301F-11D3-BF4B-00C04F79EFBC}") = "WorkerService2", "LightMediator.EventBus.SignalR\Examples\WorkerService2\WorkerService2.csproj", "{3B19C18E-6225-43B4-A8E7-3AB93AE95C2D}"
EndProject
Project("{FAE04EC0-301F-11D3-BF4B-00C04F79EFBC}") = "LightMediator.EventBus.SignalR", "LightMediator.EventBus.SignalR\LightMediator.EventBus.SignalR\LightMediator.EventBus.SignalR.csproj", "{730D2BC4-734B-4A61-BA28-07A613D2EE81}"
EndProject
Project("{FAE04EC0-301F-11D3-BF4B-00C04F79EFBC}") = "FinalService", "LightMediator\Example\FinalService\FinalService.csproj", "{96A819AC-8296-4D42-BA9C-14337535DDA7}"
EndProject
Project("{FAE04EC0-301F-11D3-BF4B-00C04F79EFBC}") = "ServiceA.BackService", "LightMediator\Example\ServiceA.BackService\ServiceA.BackService.csproj", "{B0F5300C-B238-43AE-90F1-97A74C39D512}"
EndProject
Project("{FAE04EC0-301F-11D3-BF4B-00C04F79EFBC}") = "ServiceB.BackService", "LightMediator\Example\ServiceB.BackService\ServiceB.BackService.csproj", "{F1D65B5E-71FB-45EE-9A47-350AA5D12F52}"
EndProject
Project("{FAE04EC0-301F-11D3-BF4B-00C04F79EFBC}") = "ServiceC.BackService", "LightMediator\Example\ServiceC.BackService\ServiceC.BackService.csproj", "{5048BB84-AE70-4869-9FBD-2F0ED008CD1E}"
EndProject
Global
	GlobalSection(SolutionConfigurationPlatforms) = preSolution
		Debug|Any CPU = Debug|Any CPU
		Release|Any CPU = Release|Any CPU
	EndGlobalSection
	GlobalSection(ProjectConfigurationPlatforms) = postSolution
		{9F577A8F-1F3A-4BF9-A3DE-71D9B64D7DD0}.Debug|Any CPU.ActiveCfg = Debug|Any CPU
		{9F577A8F-1F3A-4BF9-A3DE-71D9B64D7DD0}.Debug|Any CPU.Build.0 = Debug|Any CPU
		{9F577A8F-1F3A-4BF9-A3DE-71D9B64D7DD0}.Release|Any CPU.ActiveCfg = Release|Any CPU
		{9F577A8F-1F3A-4BF9-A3DE-71D9B64D7DD0}.Release|Any CPU.Build.0 = Release|Any CPU
		{A981DDFC-9FA1-45E0-820B-42DAF83A49BE}.Debug|Any CPU.ActiveCfg = Debug|Any CPU
		{A981DDFC-9FA1-45E0-820B-42DAF83A49BE}.Debug|Any CPU.Build.0 = Debug|Any CPU
		{A981DDFC-9FA1-45E0-820B-42DAF83A49BE}.Release|Any CPU.ActiveCfg = Release|Any CPU
		{A981DDFC-9FA1-45E0-820B-42DAF83A49BE}.Release|Any CPU.Build.0 = Release|Any CPU
		{612724EA-2699-4C6F-ABED-57955501B1D3}.Debug|Any CPU.ActiveCfg = Debug|Any CPU
		{612724EA-2699-4C6F-ABED-57955501B1D3}.Debug|Any CPU.Build.0 = Debug|Any CPU
		{612724EA-2699-4C6F-ABED-57955501B1D3}.Release|Any CPU.ActiveCfg = Release|Any CPU
		{612724EA-2699-4C6F-ABED-57955501B1D3}.Release|Any CPU.Build.0 = Release|Any CPU
		{3FE7CE83-1165-47F5-9C93-8B36A9AAB4C0}.Debug|Any CPU.ActiveCfg = Debug|Any CPU
		{3FE7CE83-1165-47F5-9C93-8B36A9AAB4C0}.Debug|Any CPU.Build.0 = Debug|Any CPU
		{3FE7CE83-1165-47F5-9C93-8B36A9AAB4C0}.Release|Any CPU.ActiveCfg = Release|Any CPU
		{3FE7CE83-1165-47F5-9C93-8B36A9AAB4C0}.Release|Any CPU.Build.0 = Release|Any CPU
		{35D3F008-486E-48C0-A89D-58C43D7B1369}.Debug|Any CPU.ActiveCfg = Debug|Any CPU
		{35D3F008-486E-48C0-A89D-58C43D7B1369}.Debug|Any CPU.Build.0 = Debug|Any CPU
		{35D3F008-486E-48C0-A89D-58C43D7B1369}.Release|Any CPU.ActiveCfg = Release|Any CPU
		{35D3F008-486E-48C0-A89D-58C43D7B1369}.Release|Any CPU.Build.0 = Release|Any CPU
		{D78C5624-A95D-478D-B904-83A2B519F1E6}.Debug|Any CPU.ActiveCfg = Debug|Any CPU
		{D78C5624-A95D-478D-B904-83A2B519F1E6}.Debug|Any CPU.Build.0 = Debug|Any CPU
		{D78C5624-A95D-478D-B904-83A2B519F1E6}.Release|Any CPU.ActiveCfg = Release|Any CPU
		{D78C5624-A95D-478D-B904-83A2B519F1E6}.Release|Any CPU.Build.0 = Release|Any CPU
		{E5696C5E-5084-47FE-9A85-B022D70C866E}.Debug|Any CPU.ActiveCfg = Debug|Any CPU
		{E5696C5E-5084-47FE-9A85-B022D70C866E}.Debug|Any CPU.Build.0 = Debug|Any CPU
		{E5696C5E-5084-47FE-9A85-B022D70C866E}.Release|Any CPU.ActiveCfg = Release|Any CPU
		{E5696C5E-5084-47FE-9A85-B022D70C866E}.Release|Any CPU.Build.0 = Release|Any CPU
		{282AA7F6-822C-490D-A4C7-FD9EDBF5F1FB}.Debug|Any CPU.ActiveCfg = Debug|Any CPU
		{282AA7F6-822C-490D-A4C7-FD9EDBF5F1FB}.Debug|Any CPU.Build.0 = Debug|Any CPU
		{282AA7F6-822C-490D-A4C7-FD9EDBF5F1FB}.Release|Any CPU.ActiveCfg = Release|Any CPU
		{282AA7F6-822C-490D-A4C7-FD9EDBF5F1FB}.Release|Any CPU.Build.0 = Release|Any CPU
		{3B19C18E-6225-43B4-A8E7-3AB93AE95C2D}.Debug|Any CPU.ActiveCfg = Debug|Any CPU
		{3B19C18E-6225-43B4-A8E7-3AB93AE95C2D}.Debug|Any CPU.Build.0 = Debug|Any CPU
		{3B19C18E-6225-43B4-A8E7-3AB93AE95C2D}.Release|Any CPU.ActiveCfg = Release|Any CPU
		{3B19C18E-6225-43B4-A8E7-3AB93AE95C2D}.Release|Any CPU.Build.0 = Release|Any CPU
		{730D2BC4-734B-4A61-BA28-07A613D2EE81}.Debug|Any CPU.ActiveCfg = Debug|Any CPU
		{730D2BC4-734B-4A61-BA28-07A613D2EE81}.Debug|Any CPU.Build.0 = Debug|Any CPU
		{730D2BC4-734B-4A61-BA28-07A613D2EE81}.Release|Any CPU.ActiveCfg = Release|Any CPU
		{730D2BC4-734B-4A61-BA28-07A613D2EE81}.Release|Any CPU.Build.0 = Release|Any CPU
		{96A819AC-8296-4D42-BA9C-14337535DDA7}.Debug|Any CPU.ActiveCfg = Debug|Any CPU
		{96A819AC-8296-4D42-BA9C-14337535DDA7}.Debug|Any CPU.Build.0 = Debug|Any CPU
		{96A819AC-8296-4D42-BA9C-14337535DDA7}.Release|Any CPU.ActiveCfg = Release|Any CPU
		{96A819AC-8296-4D42-BA9C-14337535DDA7}.Release|Any CPU.Build.0 = Release|Any CPU
		{B0F5300C-B238-43AE-90F1-97A74C39D512}.Debug|Any CPU.ActiveCfg = Debug|Any CPU
		{B0F5300C-B238-43AE-90F1-97A74C39D512}.Debug|Any CPU.Build.0 = Debug|Any CPU
		{B0F5300C-B238-43AE-90F1-97A74C39D512}.Release|Any CPU.ActiveCfg = Release|Any CPU
		{B0F5300C-B238-43AE-90F1-97A74C39D512}.Release|Any CPU.Build.0 = Release|Any CPU
		{F1D65B5E-71FB-45EE-9A47-350AA5D12F52}.Debug|Any CPU.ActiveCfg = Debug|Any CPU
		{F1D65B5E-71FB-45EE-9A47-350AA5D12F52}.Debug|Any CPU.Build.0 = Debug|Any CPU
		{F1D65B5E-71FB-45EE-9A47-350AA5D12F52}.Release|Any CPU.ActiveCfg = Release|Any CPU
		{F1D65B5E-71FB-45EE-9A47-350AA5D12F52}.Release|Any CPU.Build.0 = Release|Any CPU
		{5048BB84-AE70-4869-9FBD-2F0ED008CD1E}.Debug|Any CPU.ActiveCfg = Debug|Any CPU
		{5048BB84-AE70-4869-9FBD-2F0ED008CD1E}.Debug|Any CPU.Build.0 = Debug|Any CPU
		{5048BB84-AE70-4869-9FBD-2F0ED008CD1E}.Release|Any CPU.ActiveCfg = Release|Any CPU
		{5048BB84-AE70-4869-9FBD-2F0ED008CD1E}.Release|Any CPU.Build.0 = Release|Any CPU
	EndGlobalSection
	GlobalSection(SolutionProperties) = preSolution
		HideSolutionNode = FALSE
	EndGlobalSection
	GlobalSection(NestedProjects) = preSolution
		{43175467-B384-4DC4-9303-5DB4D1096423} = {D58DF342-39CD-4484-8FD3-B5D77D01226A}
		{0654F93B-AE55-41D6-BCCB-1A72EA3F9EE7} = {D58DF342-39CD-4484-8FD3-B5D77D01226A}
		{CC87BDB0-AC8F-44B5-BED3-3D034E1F6B43} = {0654F93B-AE55-41D6-BCCB-1A72EA3F9EE7}
		{B03358DD-CA36-41AB-80D5-9EA745EA384E} = {0654F93B-AE55-41D6-BCCB-1A72EA3F9EE7}
		{A76462B1-9836-41FB-8F3E-B53D8D1C767F} = {0654F93B-AE55-41D6-BCCB-1A72EA3F9EE7}
		{4BBF96B4-34B0-4663-B24E-48069BDCBAEA} = {D7B31B0A-B1EA-4077-B156-FB9562E9C05E}
		{9F577A8F-1F3A-4BF9-A3DE-71D9B64D7DD0} = {4BBF96B4-34B0-4663-B24E-48069BDCBAEA}
		{D58DF342-39CD-4484-8FD3-B5D77D01226A} = {D7B31B0A-B1EA-4077-B156-FB9562E9C05E}
		{A981DDFC-9FA1-45E0-820B-42DAF83A49BE} = {D7B31B0A-B1EA-4077-B156-FB9562E9C05E}
		{612724EA-2699-4C6F-ABED-57955501B1D3} = {BE284C61-815E-4BE9-9EFE-107F4A82C786}
		{2C22279A-79EF-4F73-8F11-937055A1BA7A} = {D6B1FE34-A70C-490D-8D03-951ED4C6B84B}
		{3FE7CE83-1165-47F5-9C93-8B36A9AAB4C0} = {2C22279A-79EF-4F73-8F11-937055A1BA7A}
		{35D3F008-486E-48C0-A89D-58C43D7B1369} = {2C22279A-79EF-4F73-8F11-937055A1BA7A}
		{D78C5624-A95D-478D-B904-83A2B519F1E6} = {D6B1FE34-A70C-490D-8D03-951ED4C6B84B}
		{048C3BE5-5D34-4F14-BD68-93EB65E78C50} = {0B5D153C-B51B-4958-9E7C-95593A8A7EBC}
		{E5696C5E-5084-47FE-9A85-B022D70C866E} = {048C3BE5-5D34-4F14-BD68-93EB65E78C50}
		{282AA7F6-822C-490D-A4C7-FD9EDBF5F1FB} = {048C3BE5-5D34-4F14-BD68-93EB65E78C50}
		{3B19C18E-6225-43B4-A8E7-3AB93AE95C2D} = {048C3BE5-5D34-4F14-BD68-93EB65E78C50}
		{730D2BC4-734B-4A61-BA28-07A613D2EE81} = {0B5D153C-B51B-4958-9E7C-95593A8A7EBC}
		{96A819AC-8296-4D42-BA9C-14337535DDA7} = {43175467-B384-4DC4-9303-5DB4D1096423}
		{B0F5300C-B238-43AE-90F1-97A74C39D512} = {CC87BDB0-AC8F-44B5-BED3-3D034E1F6B43}
		{F1D65B5E-71FB-45EE-9A47-350AA5D12F52} = {A76462B1-9836-41FB-8F3E-B53D8D1C767F}
		{5048BB84-AE70-4869-9FBD-2F0ED008CD1E} = {B03358DD-CA36-41AB-80D5-9EA745EA384E}
	EndGlobalSection
	GlobalSection(ExtensibilityGlobals) = postSolution
		SolutionGuid = {7AC01BC7-8CA6-4626-9944-B41AC2DFF39D}
	EndGlobalSection
EndGlobal
